
Microsoft Visual Studio Solution File, Format Version 11.00
# Visual Studio 2010
Project("{FAE04EC0-301F-11D3-BF4B-00C04F79EFBC}") = "XAsset", "XAsset.csproj", "{dbcb7265-07af-a3a5-4f09-d7b2bc16c976}"
EndProject
Project("{FAE04EC0-301F-11D3-BF4B-00C04F79EFBC}") = "UniTask.Linq", "UniTask.Linq.csproj", "{4b81c05e-db83-8144-adad-68cfd6940e58}"
EndProject
Project("{FAE04EC0-301F-11D3-BF4B-00C04F79EFBC}") = "UniTask", "UniTask.csproj", "{e6eff41c-4843-288a-6711-f6f0b73a6f47}"
EndProject
Project("{FAE04EC0-301F-11D3-BF4B-00C04F79EFBC}") = "Assembly-CSharp-Editor", "Assembly-CSharp-Editor.csproj", "{36e1ec41-d464-6f32-1760-02a6937f73ab}"
EndProject
Project("{FAE04EC0-301F-11D3-BF4B-00C04F79EFBC}") = "XAsset.Editor", "XAsset.Editor.csproj", "{f5e06525-5b0c-6385-0a51-233d5dcbe1d4}"
EndProject
Project("{FAE04EC0-301F-11D3-BF4B-00C04F79EFBC}") = "UniTask.Editor", "UniTask.Editor.csproj", "{199307e2-711b-c587-a7d7-c379371ab763}"
EndProject
Project("{FAE04EC0-301F-11D3-BF4B-00C04F79EFBC}") = "UniTask.TextMeshPro", "UniTask.TextMeshPro.csproj", "{efde500c-bc08-77bf-2be8-6bc262eb7100}"
EndProject
Project("{FAE04EC0-301F-11D3-BF4B-00C04F79EFBC}") = "Assembly-CSharp", "Assembly-CSharp.csproj", "{991d4d90-7d85-4d12-bef8-2131a655fe9d}"
EndProject
Project("{FAE04EC0-301F-11D3-BF4B-00C04F79EFBC}") = "UniTask.Addressables", "UniTask.Addressables.csproj", "{b957f7d8-d13f-1fbe-38b2-e44c85ad2624}"
EndProject
Project("{FAE04EC0-301F-11D3-BF4B-00C04F79EFBC}") = "UniTask.DOTween", "UniTask.DOTween.csproj", "{0e3d5e15-274a-2e30-d2ef-c31cd5e93441}"
EndProject
Global
	GlobalSection(SolutionConfigurationPlatforms) = preSolution
		Debug|Any CPU = Debug|Any CPU
	EndGlobalSection
	GlobalSection(ProjectConfigurationPlatforms) = postSolution
		{dbcb7265-07af-a3a5-4f09-d7b2bc16c976}.Debug|Any CPU.ActiveCfg = Debug|Any CPU
		{dbcb7265-07af-a3a5-4f09-d7b2bc16c976}.Debug|Any CPU.Build.0 = Debug|Any CPU
		{4b81c05e-db83-8144-adad-68cfd6940e58}.Debug|Any CPU.ActiveCfg = Debug|Any CPU
		{4b81c05e-db83-8144-adad-68cfd6940e58}.Debug|Any CPU.Build.0 = Debug|Any CPU
		{e6eff41c-4843-288a-6711-f6f0b73a6f47}.Debug|Any CPU.ActiveCfg = Debug|Any CPU
		{e6eff41c-4843-288a-6711-f6f0b73a6f47}.Debug|Any CPU.Build.0 = Debug|Any CPU
		{36e1ec41-d464-6f32-1760-02a6937f73ab}.Debug|Any CPU.ActiveCfg = Debug|Any CPU
		{36e1ec41-d464-6f32-1760-02a6937f73ab}.Debug|Any CPU.Build.0 = Debug|Any CPU
		{f5e06525-5b0c-6385-0a51-233d5dcbe1d4}.Debug|Any CPU.ActiveCfg = Debug|Any CPU
		{f5e06525-5b0c-6385-0a51-233d5dcbe1d4}.Debug|Any CPU.Build.0 = Debug|Any CPU
		{199307e2-711b-c587-a7d7-c379371ab763}.Debug|Any CPU.ActiveCfg = Debug|Any CPU
		{199307e2-711b-c587-a7d7-c379371ab763}.Debug|Any CPU.Build.0 = Debug|Any CPU
		{efde500c-bc08-77bf-2be8-6bc262eb7100}.Debug|Any CPU.ActiveCfg = Debug|Any CPU
		{efde500c-bc08-77bf-2be8-6bc262eb7100}.Debug|Any CPU.Build.0 = Debug|Any CPU
		{991d4d90-7d85-4d12-bef8-2131a655fe9d}.Debug|Any CPU.ActiveCfg = Debug|Any CPU
		{991d4d90-7d85-4d12-bef8-2131a655fe9d}.Debug|Any CPU.Build.0 = Debug|Any CPU
		{b957f7d8-d13f-1fbe-38b2-e44c85ad2624}.Debug|Any CPU.ActiveCfg = Debug|Any CPU
		{b957f7d8-d13f-1fbe-38b2-e44c85ad2624}.Debug|Any CPU.Build.0 = Debug|Any CPU
		{0e3d5e15-274a-2e30-d2ef-c31cd5e93441}.Debug|Any CPU.ActiveCfg = Debug|Any CPU
		{0e3d5e15-274a-2e30-d2ef-c31cd5e93441}.Debug|Any CPU.Build.0 = Debug|Any CPU
	EndGlobalSection
	GlobalSection(SolutionProperties) = preSolution
		HideSolutionNode = FALSE
	EndGlobalSection
EndGlobal
