
Microsoft Visual Studio Solution File, Format Version 11.00
# Visual Studio 2010
Project("{FAE04EC0-301F-11D3-BF4B-00C04F79EFBC}") = "XAsset", "XAsset.csproj", "{dbcb7265-07af-a3a5-4f09-d7b2bc16c976}"
EndProject
Project("{FAE04EC0-301F-11D3-BF4B-00C04F79EFBC}") = "Assembly-CSharp-Editor", "Assembly-CSharp-Editor.csproj", "{36e1ec41-d464-6f32-1760-02a6937f73ab}"
EndProject
Project("{FAE04EC0-301F-11D3-BF4B-00C04F79EFBC}") = "Assembly-CSharp", "Assembly-CSharp.csproj", "{991d4d90-7d85-4d12-bef8-2131a655fe9d}"
EndProject
Global
	GlobalSection(SolutionConfigurationPlatforms) = preSolution
		Debug|Any CPU = Debug|Any CPU
	EndGlobalSection
	GlobalSection(ProjectConfigurationPlatforms) = postSolution
		{dbcb7265-07af-a3a5-4f09-d7b2bc16c976}.Debug|Any CPU.ActiveCfg = Debug|Any CPU
		{dbcb7265-07af-a3a5-4f09-d7b2bc16c976}.Debug|Any CPU.Build.0 = Debug|Any CPU
		{36e1ec41-d464-6f32-1760-02a6937f73ab}.Debug|Any CPU.ActiveCfg = Debug|Any CPU
		{36e1ec41-d464-6f32-1760-02a6937f73ab}.Debug|Any CPU.Build.0 = Debug|Any CPU
		{991d4d90-7d85-4d12-bef8-2131a655fe9d}.Debug|Any CPU.ActiveCfg = Debug|Any CPU
		{991d4d90-7d85-4d12-bef8-2131a655fe9d}.Debug|Any CPU.Build.0 = Debug|Any CPU
	EndGlobalSection
	GlobalSection(SolutionProperties) = preSolution
		HideSolutionNode = FALSE
	EndGlobalSection
EndGlobal
